
Microsoft Visual Studio Solution File, Format Version 12.00
# Visual Studio Version 16
VisualStudioVersion = 16.0.30503.244
MinimumVisualStudioVersion = 10.0.40219.1
Project("{8BC9CEB8-8B4A-11D0-8D11-00A0C91BC942}") = "Lab4-Recursion", "Lab4-Recursion\Lab4-Recursion.vcxproj", "{3E130FC8-677A-48C8-B412-9B4753CDF5AE}"
EndProject
Global
	GlobalSection(SolutionConfigurationPlatforms) = preSolution
		Debug|x64 = Debug|x64
		Debug|x86 = Debug|x86
		Release|x64 = Release|x64
		Release|x86 = Release|x86
	EndGlobalSection
	GlobalSection(ProjectConfigurationPlatforms) = postSolution
		{3E130FC8-677A-48C8-B412-9B4753CDF5AE}.Debug|x64.ActiveCfg = Debug|x64
		{3E130FC8-677A-48C8-B412-9B4753CDF5AE}.Debug|x64.Build.0 = Debug|x64
		{3E130FC8-677A-48C8-B412-9B4753CDF5AE}.Debug|x86.ActiveCfg = Debug|Win32
		{3E130FC8-677A-48C8-B412-9B4753CDF5AE}.Debug|x86.Build.0 = Debug|Win32
		{3E130FC8-677A-48C8-B412-9B4753CDF5AE}.Release|x64.ActiveCfg = Release|x64
		{3E130FC8-677A-48C8-B412-9B4753CDF5AE}.Release|x64.Build.0 = Release|x64
		{3E130FC8-677A-48C8-B412-9B4753CDF5AE}.Release|x86.ActiveCfg = Release|Win32
		{3E130FC8-677A-48C8-B412-9B4753CDF5AE}.Release|x86.Build.0 = Release|Win32
	EndGlobalSection
	GlobalSection(SolutionProperties) = preSolution
		HideSolutionNode = FALSE
	EndGlobalSection
	GlobalSection(ExtensibilityGlobals) = postSolution
		SolutionGuid = {C7B7C738-3BA7-4FAC-8AF7-02BCC238811F}
	EndGlobalSection
EndGlobal
